{
  "nodes": {
    "kea-lease-viewer": {
      "inputs": {
        "nixpkgs": [
          "nixpkgs"
        ]
      },
      "locked": {
        "lastModified": 1710786046,
        "narHash": "sha256-XUbUAsFDLMTkfN8gXY7UL0V2TUlP1qsrGh/qH9FHxhA=",
        "owner": "reimerei",
        "repo": "kea-lease-viewer",
        "rev": "607ed2fc9f90ed9acd65aaddccfdb8bb315d4fb8",
        "type": "github"
      },
      "original": {
        "owner": "reimerei",
        "ref": "main",
        "repo": "kea-lease-viewer",
        "type": "github"
      }
    },
    "nixpkgs": {
      "locked": {
        "lastModified": 1709428628,
        "narHash": "sha256-//ZCCnpVai/ShtO2vPjh3AWgo8riXCaret6V9s7Hew4=",
        "owner": "NixOS",
        "repo": "nixpkgs",
        "rev": "66d65cb00b82ffa04ee03347595aa20e41fe3555",
        "type": "github"
      },
      "original": {
        "owner": "NixOS",
        "ref": "nixos-23.11-small",
        "repo": "nixpkgs",
        "type": "github"
      }
    },
    "nixpkgs-stable": {
      "locked": {
        "lastModified": 1709428628,
        "narHash": "sha256-//ZCCnpVai/ShtO2vPjh3AWgo8riXCaret6V9s7Hew4=",
        "owner": "NixOS",
        "repo": "nixpkgs",
        "rev": "66d65cb00b82ffa04ee03347595aa20e41fe3555",
        "type": "github"
      },
      "original": {
        "owner": "NixOS",
        "ref": "release-23.11",
        "repo": "nixpkgs",
        "type": "github"
      }
    },
    "root": {
      "inputs": {
        "kea-lease-viewer": "kea-lease-viewer",
        "nixpkgs": "nixpkgs",
        "sops-nix": "sops-nix"
      }
    },
    "sops-nix": {
      "inputs": {
        "nixpkgs": [
          "nixpkgs"
        ],
        "nixpkgs-stable": "nixpkgs-stable"
      },
      "locked": {
        "lastModified": 1709434911,
        "narHash": "sha256-UN47hQPM9ijwoz7cYq10xl19hvlSP/232+M5vZDOMs4=",
        "owner": "Mic92",
        "repo": "sops-nix",
        "rev": "075df9d85ee70cfb53e598058045e1738f05e273",
        "type": "github"
      },
      "original": {
        "owner": "Mic92",
        "repo": "sops-nix",
        "type": "github"
      }
    }
  },
  "root": "root",
  "version": 7
}
