{
  "nodes": {
    "flakelight": {
      "inputs": {
        "nixpkgs": "nixpkgs"
      },
      "locked": {
        "lastModified": 1709428628,
        "narHash": "sha256-//ZCCnpVai/ShtO2vPjh3AWgo8riXCaret6V9s7Hew4=",
        "owner": "NixOS",
        "repo": "nixpkgs",
        "rev": "66d65cb00b82ffa04ee03347595aa20e41fe3555",
        "type": "github"
      },
      "original": {
        "owner": "nix-community",
        "repo": "flakelight",
        "type": "github"
      }
    },
    "nixpkgs": {
      "locked": {
        "lastModified": 1706191920,
        "narHash": "sha256-eLihrZAPZX0R6RyM5fYAWeKVNuQPYjAkCUBr+JNvtdE=",
        "owner": "NixOS",
        "ref": "nixos-23.11-small",
        "repo": "nixpkgs",
        "type": "github"
      },
      "original": {
        "id": "nixpkgs",
        "ref": "nixos-unstable",
        "type": "indirect"
      }
    },
    "nixpkgs-stable": {
      "locked": {
        "lastModified": 1709428628,
        "narHash": "sha256-//ZCCnpVai/ShtO2vPjh3AWgo8riXCaret6V9s7Hew4=",
        "owner": "NixOS",
        "repo": "nixpkgs",
        "rev": "66d65cb00b82ffa04ee03347595aa20e41fe3555",
        "type": "github"
      },
      "original": {
        "owner": "NixOS",
        "ref": "release-23.11",
        "repo": "nixpkgs",
        "type": "github"
      }
    },
    "nixpkgs_2": {
      "locked": {
        "lastModified": 1688417265,
        "narHash": "sha256-OddjGM32Vk/GLh1OQQYPePt2Z2j/fwNUqb4X6aDPkxQ=",
        "owner": "NixOS",
        "repo": "nixpkgs",
        "rev": "77d0269595488cf2fae06c5a8c3f63ebc94e7f13",
        "type": "github"
      },
      "original": {
        "owner": "NixOS",
        "repo": "nixpkgs",
        "rev": "77d0269595488cf2fae06c5a8c3f63ebc94e7f13",
        "type": "github"
      }
    },
    "root": {
      "inputs": {
        "flakelight": "flakelight",
        "nixpkgs": "nixpkgs_2",
        "sops-nix": "sops-nix"
      }
    },
    "sops-nix": {
      "inputs": {
        "nixpkgs": [
          "nixpkgs"
        ],
        "nixpkgs-stable": "nixpkgs-stable"
      },
      "locked": {
        "lastModified": 1709434911,
        "narHash": "sha256-UN47hQPM9ijwoz7cYq10xl19hvlSP/232+M5vZDOMs4=",
        "owner": "Mic92",
        "repo": "sops-nix",
        "rev": "075df9d85ee70cfb53e598058045e1738f05e273",
        "type": "github"
      },
      "original": {
        "owner": "Mic92",
        "repo": "sops-nix",
        "type": "github"
      }
    }
  },
  "root": "root",
  "version": 7
}
