{
  "nodes": {
    "nixpkgs": {
      "locked": {
        "lastModified": 1688417265,
        "narHash": "sha256-OddjGM32Vk/GLh1OQQYPePt2Z2j/fwNUqb4X6aDPkxQ=",
        "owner": "NixOS",
        "repo": "nixpkgs",
        "rev": "77d0269595488cf2fae06c5a8c3f63ebc94e7f13",
        "type": "github"
      },
      "original": {
        "owner": "NixOS",
        "repo": "nixpkgs",
        "rev": "77d0269595488cf2fae06c5a8c3f63ebc94e7f13",
        "type": "github"
      }
    },
    "nixpkgs-stable": {
      "locked": {
        "lastModified": 1705957679,
        "narHash": "sha256-Q8LJaVZGJ9wo33wBafvZSzapYsjOaNjP/pOnSiKVGHY=",
        "owner": "NixOS",
        "repo": "nixpkgs",
        "rev": "9a333eaa80901efe01df07eade2c16d183761fa3",
        "type": "github"
      },
      "original": {
        "owner": "NixOS",
        "ref": "release-23.05",
        "repo": "nixpkgs",
        "type": "github"
      }
    },
    "root": {
      "inputs": {
        "nixpkgs": "nixpkgs",
        "sops-nix": "sops-nix"
      }
    },
    "sops-nix": {
      "inputs": {
        "nixpkgs": [
          "nixpkgs"
        ],
        "nixpkgs-stable": "nixpkgs-stable"
      },
      "locked": {
        "lastModified": 1706410821,
        "narHash": "sha256-iCfXspqUOPLwRobqQNAQeKzprEyVowLMn17QaRPQc+M=",
        "owner": "Mic92",
        "repo": "sops-nix",
        "rev": "73bf36912e31a6b21af6e0f39218e067283c67ef",
        "type": "github"
      },
      "original": {
        "owner": "Mic92",
        "repo": "sops-nix",
        "type": "github"
      }
    }
  },
  "root": "root",
  "version": 7
}
