{"version":4,"terraform_version":"1.10.9","serial":49,"lineage":"07e68085-b4c5-62a8-7f84-4b4151cb126f","outputs":{},"resources":[{"mode":"managed","type":"proxmox_lxc","name":"files","provider":"provider[\"registry.opentofu.org/telmate/proxmox\"]","instances":[{"schema_version":0,"attributes":{"arch":"amd64","bwlimit":0,"clone":null,"clone_storage":null,"cmode":"console","console":true,"cores":4,"cpulimit":0,"cpuunits":1024,"description":"","features":[{"fuse":false,"keyctl":false,"mknod":false,"mount":"","nesting":true}],"force":false,"full":null,"hagroup":"","hastate":"","hookscript":"","hostname":"files","id":"pve/lxc/107","ignore_unpack_errors":false,"lock":"","memory":2048,"mountpoint":[{"acl":false,"backup":false,"file":"subvol-107-disk-1","key":"0","mp":"/media/storage","quota":false,"replicate":false,"shared":false,"size":"1624G","slot":0,"storage":"local-zfs","volume":"local-zfs:subvol-107-disk-1"}],"nameserver":"","network":[{"bridge":"vmbr0","firewall":true,"gw":"","gw6":"","hwaddr":"BC:24:11:88:46:4D","ip":"192.168.42.2/23","ip6":"dhcp","mtu":0,"name":"eth0","rate":0,"tag":0,"trunks":"","type":"veth"}],"onboot":true,"ostemplate":"local:vztmpl/nixos-base.tar.xz","ostype":"nixos","password":null,"pool":null,"protection":false,"restore":false,"rootfs":[{"acl":false,"quota":false,"replicate":false,"ro":false,"shared":false,"size":"30G","storage":"local-zfs","volume":"local-zfs:subvol-107-disk-0"}],"searchdomain":"","ssh_public_keys":null,"start":true,"startup":"","swap":0,"tags":"","target_node":"pve","template":false,"timeouts":null,"tty":2,"unique":false,"unprivileged":true,"unused":[],"vmid":null},"sensitive_attributes":[[{"type":"get_attr","value":"password"}]],"private":"eyJlMmJmYjczMC1lY2FhLTExZTYtOGY4OC0zNDM2M2JjN2M0YzAiOnsiY3JlYXRlIjoxMjAwMDAwMDAwMDAwLCJkZWZhdWx0IjoxMjAwMDAwMDAwMDAwLCJkZWxldGUiOjEyMDAwMDAwMDAwMDAsInJlYWQiOjEyMDAwMDAwMDAwMDAsInVwZGF0ZSI6MTIwMDAwMDAwMDAwMH19"}]},{"mode":"managed","type":"proxmox_lxc","name":"nix-builder","provider":"provider[\"registry.opentofu.org/telmate/proxmox\"]","instances":[{"schema_version":0,"attributes":{"arch":"amd64","bwlimit":0,"clone":null,"clone_storage":null,"cmode":"console","console":true,"cores":8,"cpulimit":0,"cpuunits":1024,"description":"","features":[{"fuse":false,"keyctl":false,"mknod":false,"mount":"","nesting":true}],"force":false,"full":null,"hagroup":"","hastate":"","hookscript":"","hostname":"nix-builder","id":"pve/lxc/106","ignore_unpack_errors":false,"lock":"","memory":2048,"mountpoint":[],"nameserver":"","network":[{"bridge":"vmbr0","firewall":true,"gw":"","gw6":"","hwaddr":"BC:24:11:4B:87:DC","ip":"dhcp","ip6":"dhcp","mtu":0,"name":"eth0","rate":0,"tag":0,"trunks":"","type":"veth"}],"onboot":true,"ostemplate":"local:vztmpl/nixos-base.tar.xz","ostype":"nixos","password":null,"pool":null,"protection":false,"restore":false,"rootfs":[{"acl":false,"quota":false,"replicate":false,"ro":false,"shared":false,"size":"30G","storage":"local-zfs","volume":"local-zfs:subvol-106-disk-0"}],"searchdomain":"","ssh_public_keys":null,"start":true,"startup":"","swap":0,"tags":"","target_node":"pve","template":false,"timeouts":null,"tty":2,"unique":false,"unprivileged":true,"unused":[],"vmid":null},"sensitive_attributes":[[{"type":"get_attr","value":"password"}]],"private":"eyJlMmJmYjczMC1lY2FhLTExZTYtOGY4OC0zNDM2M2JjN2M0YzAiOnsiY3JlYXRlIjoxMjAwMDAwMDAwMDAwLCJkZWZhdWx0IjoxMjAwMDAwMDAwMDAwLCJkZWxldGUiOjEyMDAwMDAwMDAwMDAsInJlYWQiOjEyMDAwMDAwMDAwMDAsInVwZGF0ZSI6MTIwMDAwMDAwMDAwMH19"}]},{"mode":"managed","type":"proxmox_lxc","name":"r33d","provider":"provider[\"registry.opentofu.org/telmate/proxmox\"]","instances":[{"schema_version":0,"attributes":{"arch":"amd64","bwlimit":0,"clone":null,"clone_storage":null,"cmode":"console","console":true,"cores":8,"cpulimit":0,"cpuunits":1024,"description":"","features":[{"fuse":false,"keyctl":false,"mknod":false,"mount":"","nesting":true}],"force":false,"full":null,"hagroup":"","hastate":"","hookscript":"","hostname":"r33d","id":"pve/lxc/105","ignore_unpack_errors":false,"lock":"","memory":1028,"mountpoint":[],"nameserver":"","network":[{"bridge":"vmbr0","firewall":true,"gw":"","gw6":"","hwaddr":"CA:66:B5:0D:E5:E6","ip":"dhcp","ip6":"dhcp","mtu":0,"name":"eth0","rate":0,"tag":0,"trunks":"","type":"veth"}],"onboot":true,"ostemplate":"local:vztmpl/nixos-base.tar.xz","ostype":"nixos","password":null,"pool":null,"protection":false,"restore":false,"rootfs":[{"acl":false,"quota":false,"replicate":false,"ro":false,"shared":false,"size":"8G","storage":"local-zfs","volume":"local-zfs:subvol-105-disk-0"}],"searchdomain":"","ssh_public_keys":"ssh-ed25519 AAAAC3NzaC1lZDI1NTE5AAAAIFk68ujMEgPVglDNnxqrht/0piGwofQy4GmPjgq4CvUV\n","start":true,"startup":"","swap":0,"tags":"","target_node":"pve","template":false,"timeouts":null,"tty":2,"unique":false,"unprivileged":true,"unused":[],"vmid":null},"sensitive_attributes":[[{"type":"get_attr","value":"password"}]],"private":"eyJlMmJmYjczMC1lY2FhLTExZTYtOGY4OC0zNDM2M2JjN2M0YzAiOnsiY3JlYXRlIjoxMjAwMDAwMDAwMDAwLCJkZWZhdWx0IjoxMjAwMDAwMDAwMDAwLCJkZWxldGUiOjEyMDAwMDAwMDAwMDAsInJlYWQiOjEyMDAwMDAwMDAwMDAsInVwZGF0ZSI6MTIwMDAwMDAwMDAwMH19"}]},{"mode":"managed","type":"proxmox_lxc","name":"tr33","provider":"provider[\"registry.opentofu.org/telmate/proxmox\"]","instances":[{"schema_version":0,"attributes":{"arch":"amd64","bwlimit":0,"clone":null,"clone_storage":null,"cmode":"console","console":true,"cores":8,"cpulimit":0,"cpuunits":1024,"description":"","features":[{"fuse":false,"keyctl":false,"mknod":false,"mount":"","nesting":true}],"force":false,"full":null,"hagroup":"","hastate":"","hookscript":"","hostname":"tr33","id":"pve/lxc/104","ignore_unpack_errors":false,"lock":"","memory":1028,"mountpoint":[],"nameserver":"","network":[{"bridge":"vmbr0","firewall":true,"gw":"","gw6":"","hwaddr":"6A:49:DC:D0:4E:DE","ip":"dhcp","ip6":"dhcp","mtu":0,"name":"eth0","rate":0,"tag":0,"trunks":"","type":"veth"}],"onboot":true,"ostemplate":"local:vztmpl/nixos-base.tar.xz","ostype":"nixos","password":null,"pool":null,"protection":false,"restore":false,"rootfs":[{"acl":false,"quota":false,"replicate":false,"ro":false,"shared":false,"size":"8G","storage":"local-zfs","volume":"local-zfs:subvol-104-disk-0"}],"searchdomain":"","ssh_public_keys":"ssh-ed25519 AAAAC3NzaC1lZDI1NTE5AAAAIFk68ujMEgPVglDNnxqrht/0piGwofQy4GmPjgq4CvUV\n","start":true,"startup":"","swap":0,"tags":"","target_node":"pve","template":false,"timeouts":null,"tty":2,"unique":false,"unprivileged":true,"unused":[],"vmid":null},"sensitive_attributes":[[{"type":"get_attr","value":"password"}]],"private":"eyJlMmJmYjczMC1lY2FhLTExZTYtOGY4OC0zNDM2M2JjN2M0YzAiOnsiY3JlYXRlIjoxMjAwMDAwMDAwMDAwLCJkZWZhdWx0IjoxMjAwMDAwMDAwMDAwLCJkZWxldGUiOjEyMDAwMDAwMDAwMDAsInJlYWQiOjEyMDAwMDAwMDAwMDAsInVwZGF0ZSI6MTIwMDAwMDAwMDAwMH19"}]}],"check_results":null}
